
Microsoft Visual Studio Solution File, Format Version 12.00
# Visual Studio Version 17
VisualStudioVersion = 17.0.31903.59
MinimumVisualStudioVersion = 10.0.40219.1
Project("{2150E333-8FDC-42A3-9474-1A3956D46DE8}") = "src", "src", "{BD843995-F45B-427D-A254-32AF4D66AC14}"
EndProject
Project("{9A19103F-16F7-4668-BE54-9A1E7A4F7556}") = "OptionsPattern.ValidationTiming", "src\OptionsPattern.ValidationTiming\OptionsPattern.ValidationTiming.csproj", "{DF43CBEC-CA85-42D6-8AF1-96DDBBE6F391}"
EndProject
Global
	GlobalSection(SolutionConfigurationPlatforms) = preSolution
		Debug|Any CPU = Debug|Any CPU
		Release|Any CPU = Release|Any CPU
	EndGlobalSection
	GlobalSection(ProjectConfigurationPlatforms) = postSolution
		{DF43CBEC-CA85-42D6-8AF1-96DDBBE6F391}.Debug|Any CPU.ActiveCfg = Debug|Any CPU
		{DF43CBEC-CA85-42D6-8AF1-96DDBBE6F391}.Debug|Any CPU.Build.0 = Debug|Any CPU
		{DF43CBEC-CA85-42D6-8AF1-96DDBBE6F391}.Release|Any CPU.ActiveCfg = Release|Any CPU
		{DF43CBEC-CA85-42D6-8AF1-96DDBBE6F391}.Release|Any CPU.Build.0 = Release|Any CPU
	EndGlobalSection
	GlobalSection(SolutionProperties) = preSolution
		HideSolutionNode = FALSE
	EndGlobalSection
	GlobalSection(NestedProjects) = preSolution
		{DF43CBEC-CA85-42D6-8AF1-96DDBBE6F391} = {BD843995-F45B-427D-A254-32AF4D66AC14}
	EndGlobalSection
	GlobalSection(ExtensibilityGlobals) = postSolution
		SolutionGuid = {0CB4181C-A248-4C99-9D3A-B82166D241B2}
	EndGlobalSection
EndGlobal
